
Microsoft Visual Studio Solution File, Format Version 12.00
# Visual Studio 2012
Project("{FAE04EC0-301F-11D3-BF4B-00C04F79EFBC}") = "TDate", "TDate\TDate.csproj", "{6C4BCA40-6BA1-48AC-8B71-582DCED75FDB}"
EndProject
Project("{FAE04EC0-301F-11D3-BF4B-00C04F79EFBC}") = "TestBed", "TestBed\TestBed.csproj", "{76D48575-350E-42E7-8561-946189FD8A7E}"
EndProject
Global
	GlobalSection(SolutionConfigurationPlatforms) = preSolution
		Debug|Any CPU = Debug|Any CPU
		Release|Any CPU = Release|Any CPU
	EndGlobalSection
	GlobalSection(ProjectConfigurationPlatforms) = postSolution
		{6C4BCA40-6BA1-48AC-8B71-582DCED75FDB}.Debug|Any CPU.ActiveCfg = Debug|Any CPU
		{6C4BCA40-6BA1-48AC-8B71-582DCED75FDB}.Debug|Any CPU.Build.0 = Debug|Any CPU
		{6C4BCA40-6BA1-48AC-8B71-582DCED75FDB}.Release|Any CPU.ActiveCfg = Release|Any CPU
		{6C4BCA40-6BA1-48AC-8B71-582DCED75FDB}.Release|Any CPU.Build.0 = Release|Any CPU
		{76D48575-350E-42E7-8561-946189FD8A7E}.Debug|Any CPU.ActiveCfg = Debug|Any CPU
		{76D48575-350E-42E7-8561-946189FD8A7E}.Debug|Any CPU.Build.0 = Debug|Any CPU
		{76D48575-350E-42E7-8561-946189FD8A7E}.Release|Any CPU.ActiveCfg = Release|Any CPU
		{76D48575-350E-42E7-8561-946189FD8A7E}.Release|Any CPU.Build.0 = Release|Any CPU
	EndGlobalSection
	GlobalSection(SolutionProperties) = preSolution
		HideSolutionNode = FALSE
	EndGlobalSection
EndGlobal
